
Microsoft Visual Studio Solution File, Format Version 12.00
# Visual Studio Version 17
VisualStudioVersion = 17.5.002.0
MinimumVisualStudioVersion = 10.0.40219.1
Project("{2150E333-8FDC-42A3-9474-1A3956D46DE8}") = "sandbox", "sandbox", "{F1545929-359B-4F3F-AF11-FC985210D2C4}"
EndProject
Project("{9A19103F-16F7-4668-BE54-9A1E7A4F7556}") = "sandbox_project", "sandbox\sandbox_project\sandbox_project.csproj", "{B8C9A7C2-F4B3-452E-96BF-6421E906723E}"
EndProject
Project("{2150E333-8FDC-42A3-9474-1A3956D46DE8}") = "week01", "week01", "{C99372DB-981A-48EC-8064-765B5301B1B6}"
EndProject
Project("{9A19103F-16F7-4668-BE54-9A1E7A4F7556}") = "analyze", "week01\analyze\analyze.csproj", "{181B5909-4456-44F5-9F19-FA6EB073A3B2}"
EndProject
Project("{9A19103F-16F7-4668-BE54-9A1E7A4F7556}") = "code", "week01\code\code.csproj", "{CCF35DC5-D4A7-479D-A290-678DD47E20A0}"
EndProject
Project("{9A19103F-16F7-4668-BE54-9A1E7A4F7556}") = "teach", "week01\teach\teach.csproj", "{FF51ACF2-CA16-4699-9E99-041B7159984B}"
EndProject
Project("{2150E333-8FDC-42A3-9474-1A3956D46DE8}") = "week02", "week02", "{2BDB1A95-4C52-4D72-8DA7-54EE43B07143}"
EndProject
Project("{9A19103F-16F7-4668-BE54-9A1E7A4F7556}") = "analyze", "week02\analyze\analyze.csproj", "{23039E9D-0ADE-4F30-B2F4-DD7986F951B5}"
EndProject
Project("{9A19103F-16F7-4668-BE54-9A1E7A4F7556}") = "code", "week02\code\code.csproj", "{7A7F489F-1E1B-4F46-BFB3-6DE94510891C}"
EndProject
Project("{9A19103F-16F7-4668-BE54-9A1E7A4F7556}") = "learn", "week02\learn\learn.csproj", "{E48A781F-305A-4EA3-B91F-53C928524B0E}"
EndProject
Project("{9A19103F-16F7-4668-BE54-9A1E7A4F7556}") = "teach", "week02\teach\teach.csproj", "{E3EF36F9-18D6-46C9-A321-72DB9593C3D7}"
EndProject
Project("{2150E333-8FDC-42A3-9474-1A3956D46DE8}") = "week03", "week03", "{721CC2D8-C816-4ECC-95A4-6BD292FD5687}"
EndProject
Project("{9A19103F-16F7-4668-BE54-9A1E7A4F7556}") = "code", "week03\code\code.csproj", "{6112B663-5623-4CC8-958A-FA5C1D44D3B9}"
EndProject
Project("{9A19103F-16F7-4668-BE54-9A1E7A4F7556}") = "learn", "week03\learn\learn.csproj", "{7A014945-5232-4852-9E80-4F60119E1E26}"
EndProject
Project("{9A19103F-16F7-4668-BE54-9A1E7A4F7556}") = "teach", "week03\teach\teach.csproj", "{CB389EB4-BDB7-41F4-AD3D-464EC0242CF4}"
EndProject
Project("{2150E333-8FDC-42A3-9474-1A3956D46DE8}") = "week04", "week04", "{9341689C-D50F-434D-ADB0-BEB490DDBDB7}"
EndProject
Project("{9A19103F-16F7-4668-BE54-9A1E7A4F7556}") = "code", "week04\code\code.csproj", "{F5290BC1-E000-4653-BE8B-09226C560FC5}"
EndProject
Project("{2150E333-8FDC-42A3-9474-1A3956D46DE8}") = "week05", "week05", "{46CEF6CE-68C5-4352-A1A8-95945F10DF5F}"
EndProject
Project("{9A19103F-16F7-4668-BE54-9A1E7A4F7556}") = "code", "week05\code\code.csproj", "{B4EF112E-0194-4CE2-BD6F-2424AB34F1AE}"
EndProject
Project("{2150E333-8FDC-42A3-9474-1A3956D46DE8}") = "week06", "week06", "{909CA33F-8CFD-4654-926E-33186DADFF2E}"
EndProject
Project("{9A19103F-16F7-4668-BE54-9A1E7A4F7556}") = "code", "week06\code\code.csproj", "{EB36A73C-CAB0-4C69-B49D-8E66FE1FA9CE}"
EndProject
Global
	GlobalSection(SolutionConfigurationPlatforms) = preSolution
		Debug|Any CPU = Debug|Any CPU
		Release|Any CPU = Release|Any CPU
	EndGlobalSection
	GlobalSection(ProjectConfigurationPlatforms) = postSolution
		{B8C9A7C2-F4B3-452E-96BF-6421E906723E}.Debug|Any CPU.ActiveCfg = Debug|Any CPU
		{B8C9A7C2-F4B3-452E-96BF-6421E906723E}.Debug|Any CPU.Build.0 = Debug|Any CPU
		{B8C9A7C2-F4B3-452E-96BF-6421E906723E}.Release|Any CPU.ActiveCfg = Release|Any CPU
		{B8C9A7C2-F4B3-452E-96BF-6421E906723E}.Release|Any CPU.Build.0 = Release|Any CPU
		{181B5909-4456-44F5-9F19-FA6EB073A3B2}.Debug|Any CPU.ActiveCfg = Debug|Any CPU
		{181B5909-4456-44F5-9F19-FA6EB073A3B2}.Debug|Any CPU.Build.0 = Debug|Any CPU
		{181B5909-4456-44F5-9F19-FA6EB073A3B2}.Release|Any CPU.ActiveCfg = Release|Any CPU
		{181B5909-4456-44F5-9F19-FA6EB073A3B2}.Release|Any CPU.Build.0 = Release|Any CPU
		{CCF35DC5-D4A7-479D-A290-678DD47E20A0}.Debug|Any CPU.ActiveCfg = Debug|Any CPU
		{CCF35DC5-D4A7-479D-A290-678DD47E20A0}.Debug|Any CPU.Build.0 = Debug|Any CPU
		{CCF35DC5-D4A7-479D-A290-678DD47E20A0}.Release|Any CPU.ActiveCfg = Release|Any CPU
		{CCF35DC5-D4A7-479D-A290-678DD47E20A0}.Release|Any CPU.Build.0 = Release|Any CPU
		{FF51ACF2-CA16-4699-9E99-041B7159984B}.Debug|Any CPU.ActiveCfg = Debug|Any CPU
		{FF51ACF2-CA16-4699-9E99-041B7159984B}.Debug|Any CPU.Build.0 = Debug|Any CPU
		{FF51ACF2-CA16-4699-9E99-041B7159984B}.Release|Any CPU.ActiveCfg = Release|Any CPU
		{FF51ACF2-CA16-4699-9E99-041B7159984B}.Release|Any CPU.Build.0 = Release|Any CPU
		{23039E9D-0ADE-4F30-B2F4-DD7986F951B5}.Debug|Any CPU.ActiveCfg = Debug|Any CPU
		{23039E9D-0ADE-4F30-B2F4-DD7986F951B5}.Debug|Any CPU.Build.0 = Debug|Any CPU
		{23039E9D-0ADE-4F30-B2F4-DD7986F951B5}.Release|Any CPU.ActiveCfg = Release|Any CPU
		{23039E9D-0ADE-4F30-B2F4-DD7986F951B5}.Release|Any CPU.Build.0 = Release|Any CPU
		{7A7F489F-1E1B-4F46-BFB3-6DE94510891C}.Debug|Any CPU.ActiveCfg = Debug|Any CPU
		{7A7F489F-1E1B-4F46-BFB3-6DE94510891C}.Debug|Any CPU.Build.0 = Debug|Any CPU
		{7A7F489F-1E1B-4F46-BFB3-6DE94510891C}.Release|Any CPU.ActiveCfg = Release|Any CPU
		{7A7F489F-1E1B-4F46-BFB3-6DE94510891C}.Release|Any CPU.Build.0 = Release|Any CPU
		{E48A781F-305A-4EA3-B91F-53C928524B0E}.Debug|Any CPU.ActiveCfg = Debug|Any CPU
		{E48A781F-305A-4EA3-B91F-53C928524B0E}.Debug|Any CPU.Build.0 = Debug|Any CPU
		{E48A781F-305A-4EA3-B91F-53C928524B0E}.Release|Any CPU.ActiveCfg = Release|Any CPU
		{E48A781F-305A-4EA3-B91F-53C928524B0E}.Release|Any CPU.Build.0 = Release|Any CPU
		{E3EF36F9-18D6-46C9-A321-72DB9593C3D7}.Debug|Any CPU.ActiveCfg = Debug|Any CPU
		{E3EF36F9-18D6-46C9-A321-72DB9593C3D7}.Debug|Any CPU.Build.0 = Debug|Any CPU
		{E3EF36F9-18D6-46C9-A321-72DB9593C3D7}.Release|Any CPU.ActiveCfg = Release|Any CPU
		{E3EF36F9-18D6-46C9-A321-72DB9593C3D7}.Release|Any CPU.Build.0 = Release|Any CPU
		{6112B663-5623-4CC8-958A-FA5C1D44D3B9}.Debug|Any CPU.ActiveCfg = Debug|Any CPU
		{6112B663-5623-4CC8-958A-FA5C1D44D3B9}.Debug|Any CPU.Build.0 = Debug|Any CPU
		{6112B663-5623-4CC8-958A-FA5C1D44D3B9}.Release|Any CPU.ActiveCfg = Release|Any CPU
		{6112B663-5623-4CC8-958A-FA5C1D44D3B9}.Release|Any CPU.Build.0 = Release|Any CPU
		{7A014945-5232-4852-9E80-4F60119E1E26}.Debug|Any CPU.ActiveCfg = Debug|Any CPU
		{7A014945-5232-4852-9E80-4F60119E1E26}.Debug|Any CPU.Build.0 = Debug|Any CPU
		{7A014945-5232-4852-9E80-4F60119E1E26}.Release|Any CPU.ActiveCfg = Release|Any CPU
		{7A014945-5232-4852-9E80-4F60119E1E26}.Release|Any CPU.Build.0 = Release|Any CPU
		{CB389EB4-BDB7-41F4-AD3D-464EC0242CF4}.Debug|Any CPU.ActiveCfg = Debug|Any CPU
		{CB389EB4-BDB7-41F4-AD3D-464EC0242CF4}.Debug|Any CPU.Build.0 = Debug|Any CPU
		{CB389EB4-BDB7-41F4-AD3D-464EC0242CF4}.Release|Any CPU.ActiveCfg = Release|Any CPU
		{CB389EB4-BDB7-41F4-AD3D-464EC0242CF4}.Release|Any CPU.Build.0 = Release|Any CPU
		{F5290BC1-E000-4653-BE8B-09226C560FC5}.Debug|Any CPU.ActiveCfg = Debug|Any CPU
		{F5290BC1-E000-4653-BE8B-09226C560FC5}.Debug|Any CPU.Build.0 = Debug|Any CPU
		{F5290BC1-E000-4653-BE8B-09226C560FC5}.Release|Any CPU.ActiveCfg = Release|Any CPU
		{F5290BC1-E000-4653-BE8B-09226C560FC5}.Release|Any CPU.Build.0 = Release|Any CPU
		{B4EF112E-0194-4CE2-BD6F-2424AB34F1AE}.Debug|Any CPU.ActiveCfg = Debug|Any CPU
		{B4EF112E-0194-4CE2-BD6F-2424AB34F1AE}.Debug|Any CPU.Build.0 = Debug|Any CPU
		{B4EF112E-0194-4CE2-BD6F-2424AB34F1AE}.Release|Any CPU.ActiveCfg = Release|Any CPU
		{B4EF112E-0194-4CE2-BD6F-2424AB34F1AE}.Release|Any CPU.Build.0 = Release|Any CPU
		{EB36A73C-CAB0-4C69-B49D-8E66FE1FA9CE}.Debug|Any CPU.ActiveCfg = Debug|Any CPU
		{EB36A73C-CAB0-4C69-B49D-8E66FE1FA9CE}.Debug|Any CPU.Build.0 = Debug|Any CPU
		{EB36A73C-CAB0-4C69-B49D-8E66FE1FA9CE}.Release|Any CPU.ActiveCfg = Release|Any CPU
		{EB36A73C-CAB0-4C69-B49D-8E66FE1FA9CE}.Release|Any CPU.Build.0 = Release|Any CPU
	EndGlobalSection
	GlobalSection(SolutionProperties) = preSolution
		HideSolutionNode = FALSE
	EndGlobalSection
	GlobalSection(NestedProjects) = preSolution
		{B8C9A7C2-F4B3-452E-96BF-6421E906723E} = {F1545929-359B-4F3F-AF11-FC985210D2C4}
		{181B5909-4456-44F5-9F19-FA6EB073A3B2} = {C99372DB-981A-48EC-8064-765B5301B1B6}
		{CCF35DC5-D4A7-479D-A290-678DD47E20A0} = {C99372DB-981A-48EC-8064-765B5301B1B6}
		{FF51ACF2-CA16-4699-9E99-041B7159984B} = {C99372DB-981A-48EC-8064-765B5301B1B6}
		{23039E9D-0ADE-4F30-B2F4-DD7986F951B5} = {2BDB1A95-4C52-4D72-8DA7-54EE43B07143}
		{7A7F489F-1E1B-4F46-BFB3-6DE94510891C} = {2BDB1A95-4C52-4D72-8DA7-54EE43B07143}
		{E48A781F-305A-4EA3-B91F-53C928524B0E} = {2BDB1A95-4C52-4D72-8DA7-54EE43B07143}
		{E3EF36F9-18D6-46C9-A321-72DB9593C3D7} = {2BDB1A95-4C52-4D72-8DA7-54EE43B07143}
		{6112B663-5623-4CC8-958A-FA5C1D44D3B9} = {721CC2D8-C816-4ECC-95A4-6BD292FD5687}
		{7A014945-5232-4852-9E80-4F60119E1E26} = {721CC2D8-C816-4ECC-95A4-6BD292FD5687}
		{CB389EB4-BDB7-41F4-AD3D-464EC0242CF4} = {721CC2D8-C816-4ECC-95A4-6BD292FD5687}
		{F5290BC1-E000-4653-BE8B-09226C560FC5} = {9341689C-D50F-434D-ADB0-BEB490DDBDB7}
		{B4EF112E-0194-4CE2-BD6F-2424AB34F1AE} = {46CEF6CE-68C5-4352-A1A8-95945F10DF5F}
		{EB36A73C-CAB0-4C69-B49D-8E66FE1FA9CE} = {909CA33F-8CFD-4654-926E-33186DADFF2E}
	EndGlobalSection
	GlobalSection(ExtensibilityGlobals) = postSolution
		SolutionGuid = {AE9A0F01-E168-4CBE-B609-7AB18D853B1D}
	EndGlobalSection
EndGlobal
